
Microsoft Visual Studio Solution File, Format Version 12.00
# Visual Studio 15
VisualStudioVersion = 15.0.26730.16
MinimumVisualStudioVersion = 10.0.40219.1
Project("{FAE04EC0-301F-11D3-BF4B-00C04F79EFBC}") = "WebBrowser", "WebBrowser\WebBrowser.csproj", "{7A381013-1CE8-432B-B5FE-3DD4548C21C4}"
EndProject
Global
	GlobalSection(SolutionConfigurationPlatforms) = preSolution
		Debug|Any CPU = Debug|Any CPU
		Release|Any CPU = Release|Any CPU
	EndGlobalSection
	GlobalSection(ProjectConfigurationPlatforms) = postSolution
		{7A381013-1CE8-432B-B5FE-3DD4548C21C4}.Debug|Any CPU.ActiveCfg = Debug|Any CPU
		{7A381013-1CE8-432B-B5FE-3DD4548C21C4}.Debug|Any CPU.Build.0 = Debug|Any CPU
		{7A381013-1CE8-432B-B5FE-3DD4548C21C4}.Release|Any CPU.ActiveCfg = Release|Any CPU
		{7A381013-1CE8-432B-B5FE-3DD4548C21C4}.Release|Any CPU.Build.0 = Release|Any CPU
	EndGlobalSection
	GlobalSection(SolutionProperties) = preSolution
		HideSolutionNode = FALSE
	EndGlobalSection
	GlobalSection(ExtensibilityGlobals) = postSolution
		SolutionGuid = {BD784F4B-AD36-4B22-A3E9-3C510D0506EE}
	EndGlobalSection
EndGlobal
